// !$*UTF8*$!
{
	archiveVersion = 1;
	classes = {
	};
	objectVersion = 46;
	objects = {

/* Begin PBXBuildFile section */
		0522AF9C1E659737008C9B2F /* AppDelegate.swift in Sources */ = {isa = PBXBuildFile; fileRef = 0522AF9B1E659737008C9B2F /* AppDelegate.swift */; };
		0522AF9E1E659737008C9B2F /* ViewController.swift in Sources */ = {isa = PBXBuildFile; fileRef = 0522AF9D1E659737008C9B2F /* ViewController.swift */; };
		0522AFA11E659737008C9B2F /* Main.storyboard in Resources */ = {isa = PBXBuildFile; fileRef = 0522AF9F1E659737008C9B2F /* Main.storyboard */; };
		0522AFA31E659737008C9B2F /* Assets.xcassets in Resources */ = {isa = PBXBuildFile; fileRef = 0522AFA21E659737008C9B2F /* Assets.xcassets */; };
		0522AFA61E659737008C9B2F /* LaunchScreen.storyboard in Resources */ = {isa = PBXBuildFile; fileRef = 0522AFA41E659737008C9B2F /* LaunchScreen.storyboard */; };
		0522AFAE1E6597DC008C9B2F /* GoogleService-Info.plist in Resources */ = {isa = PBXBuildFile; fileRef = 0522AFAD1E6597DC008C9B2F /* GoogleService-Info.plist */; };
		0522AFB01E65C257008C9B2F /* MapKit.framework in Frameworks */ = {isa = PBXBuildFile; fileRef = 0522AFAF1E65C257008C9B2F /* MapKit.framework */; };
		0522AFB21E65C2C1008C9B2F /* CustomMKMapView.swift in Sources */ = {isa = PBXBuildFile; fileRef = 0522AFB11E65C2C1008C9B2F /* CustomMKMapView.swift */; };
		0522AFB41E65C31A008C9B2F /* CacheTileOverlay.swift in Sources */ = {isa = PBXBuildFile; fileRef = 0522AFB31E65C31A008C9B2F /* CacheTileOverlay.swift */; };
		7EDF810F691616088606DFA9 /* Pods_FirebaseTest.framework in Frameworks */ = {isa = PBXBuildFile; fileRef = 621C3AD9B0CC7875B3879FDF /* Pods_FirebaseTest.framework */; };
/* End PBXBuildFile section */

/* Begin PBXFileReference section */
		0522AF981E659737008C9B2F /* FirebaseTest.app */ = {isa = PBXFileReference; explicitFileType = wrapper.application; includeInIndex = 0; path = FirebaseTest.app; sourceTree = BUILT_PRODUCTS_DIR; };
		0522AF9B1E659737008C9B2F /* AppDelegate.swift */ = {isa = PBXFileReference; lastKnownFileType = sourcecode.swift; path = AppDelegate.swift; sourceTree = "<group>"; };
		0522AF9D1E659737008C9B2F /* ViewController.swift */ = {isa = PBXFileReference; lastKnownFileType = sourcecode.swift; path = ViewController.swift; sourceTree = "<group>"; };
		0522AFA01E659737008C9B2F /* Base */ = {isa = PBXFileReference; lastKnownFileType = file.storyboard; name = Base; path = Base.lproj/Main.storyboard; sourceTree = "<group>"; };
		0522AFA21E659737008C9B2F /* Assets.xcassets */ = {isa = PBXFileReference; lastKnownFileType = folder.assetcatalog; path = Assets.xcassets; sourceTree = "<group>"; };
		0522AFA51E659737008C9B2F /* Base */ = {isa = PBXFileReference; lastKnownFileType = file.storyboard; name = Base; path = Base.lproj/LaunchScreen.storyboard; sourceTree = "<group>"; };
		0522AFA71E659737008C9B2F /* Info.plist */ = {isa = PBXFileReference; lastKnownFileType = text.plist.xml; path = Info.plist; sourceTree = "<group>"; };
		0522AFAD1E6597DC008C9B2F /* GoogleService-Info.plist */ = {isa = PBXFileReference; fileEncoding = 4; lastKnownFileType = text.plist.xml; path = "GoogleService-Info.plist"; sourceTree = "<group>"; };
		0522AFAF1E65C257008C9B2F /* MapKit.framework */ = {isa = PBXFileReference; lastKnownFileType = wrapper.framework; name = MapKit.framework; path = System/Library/Frameworks/MapKit.framework; sourceTree = SDKROOT; };
		0522AFB11E65C2C1008C9B2F /* CustomMKMapView.swift */ = {isa = PBXFileReference; fileEncoding = 4; lastKnownFileType = sourcecode.swift; path = CustomMKMapView.swift; sourceTree = "<group>"; };
		0522AFB31E65C31A008C9B2F /* CacheTileOverlay.swift */ = {isa = PBXFileReference; fileEncoding = 4; lastKnownFileType = sourcecode.swift; path = CacheTileOverlay.swift; sourceTree = "<group>"; };
		13FDFC346DFF9F38703BE116 /* Pods-FirebaseTest.release.xcconfig */ = {isa = PBXFileReference; includeInIndex = 1; lastKnownFileType = text.xcconfig; name = "Pods-FirebaseTest.release.xcconfig"; path = "Pods/Target Support Files/Pods-FirebaseTest/Pods-FirebaseTest.release.xcconfig"; sourceTree = "<group>"; };
		621C3AD9B0CC7875B3879FDF /* Pods_FirebaseTest.framework */ = {isa = PBXFileReference; explicitFileType = wrapper.framework; includeInIndex = 0; path = Pods_FirebaseTest.framework; sourceTree = BUILT_PRODUCTS_DIR; };
		AB397BCB6E485C23FD7BFF8E /* Pods-FirebaseTest.debug.xcconfig */ = {isa = PBXFileReference; includeInIndex = 1; lastKnownFileType = text.xcconfig; name = "Pods-FirebaseTest.debug.xcconfig"; path = "Pods/Target Support Files/Pods-FirebaseTest/Pods-FirebaseTest.debug.xcconfig"; sourceTree = "<group>"; };
/* End PBXFileReference section */

/* Begin PBXFrameworksBuildPhase section */
		0522AF951E659737008C9B2F /* Frameworks */ = {
			isa = PBXFrameworksBuildPhase;
			buildActionMask = 2147483647;
			files = (
				0522AFB01E65C257008C9B2F /* MapKit.framework in Frameworks */,
				7EDF810F691616088606DFA9 /* Pods_FirebaseTest.framework in Frameworks */,
			);
			runOnlyForDeploymentPostprocessing = 0;
		};
/* End PBXFrameworksBuildPhase section */

/* Begin PBXGroup section */
		0522AF8F1E659737008C9B2F = {
			isa = PBXGroup;
			children = (
				0522AF9A1E659737008C9B2F /* FirebaseTest */,
				0522AF991E659737008C9B2F /* Products */,
				994A875D3E74D06C14F43366 /* Pods */,
				76E66912E29C0120AC9F4E00 /* Frameworks */,
			);
			sourceTree = "<group>";
		};
		0522AF991E659737008C9B2F /* Products */ = {
			isa = PBXGroup;
			children = (
				0522AF981E659737008C9B2F /* FirebaseTest.app */,
			);
			name = Products;
			sourceTree = "<group>";
		};
		0522AF9A1E659737008C9B2F /* FirebaseTest */ = {
			isa = PBXGroup;
			children = (
				0522AF9B1E659737008C9B2F /* AppDelegate.swift */,
				0522AF9D1E659737008C9B2F /* ViewController.swift */,
				0522AF9F1E659737008C9B2F /* Main.storyboard */,
				0522AFA21E659737008C9B2F /* Assets.xcassets */,
				0522AFA41E659737008C9B2F /* LaunchScreen.storyboard */,
				0522AFA71E659737008C9B2F /* Info.plist */,
				0522AFAD1E6597DC008C9B2F /* GoogleService-Info.plist */,
				0522AFB11E65C2C1008C9B2F /* CustomMKMapView.swift */,
				0522AFB31E65C31A008C9B2F /* CacheTileOverlay.swift */,
			);
			path = FirebaseTest;
			sourceTree = "<group>";
		};
		76E66912E29C0120AC9F4E00 /* Frameworks */ = {
			isa = PBXGroup;
			children = (
				0522AFAF1E65C257008C9B2F /* MapKit.framework */,
				621C3AD9B0CC7875B3879FDF /* Pods_FirebaseTest.framework */,
			);
			name = Frameworks;
			sourceTree = "<group>";
		};
		994A875D3E74D06C14F43366 /* Pods */ = {
			isa = PBXGroup;
			children = (
				AB397BCB6E485C23FD7BFF8E /* Pods-FirebaseTest.debug.xcconfig */,
				13FDFC346DFF9F38703BE116 /* Pods-FirebaseTest.release.xcconfig */,
			);
			name = Pods;
			sourceTree = "<group>";
		};
/* End PBXGroup section */

/* Begin PBXNativeTarget section */
		0522AF971E659737008C9B2F /* FirebaseTest */ = {
			isa = PBXNativeTarget;
			buildConfigurationList = 0522AFAA1E659737008C9B2F /* Build configuration list for PBXNativeTarget "FirebaseTest" */;
			buildPhases = (
				C06683747063097474584336 /* [CP] Check Pods Manifest.lock */,
				0522AF941E659737008C9B2F /* Sources */,
				0522AF951E659737008C9B2F /* Frameworks */,
				0522AF961E659737008C9B2F /* Resources */,
				C10759CEC40200EE5508A453 /* [CP] Embed Pods Frameworks */,
				CB86A0171BF68B56A18B2B88 /* [CP] Copy Pods Resources */,
			);
			buildRules = (
			);
			dependencies = (
			);
			name = FirebaseTest;
			productName = FirebaseTest;
			productReference = 0522AF981E659737008C9B2F /* FirebaseTest.app */;
			productType = "com.apple.product-type.application";
		};
/* End PBXNativeTarget section */

/* Begin PBXProject section */
		0522AF901E659737008C9B2F /* Project object */ = {
			isa = PBXProject;
			attributes = {
				LastSwiftUpdateCheck = 0820;
				LastUpgradeCheck = 0820;
				ORGANIZATIONNAME = David;
				TargetAttributes = {
					0522AF971E659737008C9B2F = {
						CreatedOnToolsVersion = 8.2.1;
						DevelopmentTeam = KPNNPWB392;
						ProvisioningStyle = Automatic;
					};
				};
			};
			buildConfigurationList = 0522AF931E659737008C9B2F /* Build configuration list for PBXProject "FirebaseTest" */;
			compatibilityVersion = "Xcode 3.2";
			developmentRegion = English;
			hasScannedForEncodings = 0;
			knownRegions = (
				en,
				Base,
			);
			mainGroup = 0522AF8F1E659737008C9B2F;
			productRefGroup = 0522AF991E659737008C9B2F /* Products */;
			projectDirPath = "";
			projectRoot = "";
			targets = (
				0522AF971E659737008C9B2F /* FirebaseTest */,
			);
		};
/* End PBXProject section */

/* Begin PBXResourcesBuildPhase section */
		0522AF961E659737008C9B2F /* Resources */ = {
			isa = PBXResourcesBuildPhase;
			buildActionMask = 2147483647;
			files = (
				0522AFA61E659737008C9B2F /* LaunchScreen.storyboard in Resources */,
				0522AFAE1E6597DC008C9B2F /* GoogleService-Info.plist in Resources */,
				0522AFA31E659737008C9B2F /* Assets.xcassets in Resources */,
				0522AFA11E659737008C9B2F /* Main.storyboard in Resources */,
			);
			runOnlyForDeploymentPostprocessing = 0;
		};
/* End PBXResourcesBuildPhase section */

/* Begin PBXShellScriptBuildPhase section */
		C06683747063097474584336 /* [CP] Check Pods Manifest.lock */ = {
			isa = PBXShellScriptBuildPhase;
			buildActionMask = 2147483647;
			files = (
			);
			inputPaths = (
			);
			name = "[CP] Check Pods Manifest.lock";
			outputPaths = (
			);
			runOnlyForDeploymentPostprocessing = 0;
			shellPath = /bin/sh;
			shellScript = "diff \"${PODS_ROOT}/../Podfile.lock\" \"${PODS_ROOT}/Manifest.lock\" > /dev/null\nif [ $? != 0 ] ; then\n    # print error to STDERR\n    echo \"error: The sandbox is not in sync with the Podfile.lock. Run 'pod install' or update your CocoaPods installation.\" >&2\n    exit 1\nfi\n";
			showEnvVarsInLog = 0;
		};
		C10759CEC40200EE5508A453 /* [CP] Embed Pods Frameworks */ = {
			isa = PBXShellScriptBuildPhase;
			buildActionMask = 2147483647;
			files = (
			);
			inputPaths = (
			);
			name = "[CP] Embed Pods Frameworks";
			outputPaths = (
			);
			runOnlyForDeploymentPostprocessing = 0;
			shellPath = /bin/sh;
			shellScript = "\"${SRCROOT}/Pods/Target Support Files/Pods-FirebaseTest/Pods-FirebaseTest-frameworks.sh\"\n";
			showEnvVarsInLog = 0;
		};
		CB86A0171BF68B56A18B2B88 /* [CP] Copy Pods Resources */ = {
			isa = PBXShellScriptBuildPhase;
			buildActionMask = 2147483647;
			files = (
			);
			inputPaths = (
			);
			name = "[CP] Copy Pods Resources";
			outputPaths = (
			);
			runOnlyForDeploymentPostprocessing = 0;
			shellPath = /bin/sh;
			shellScript = "\"${SRCROOT}/Pods/Target Support Files/Pods-FirebaseTest/Pods-FirebaseTest-resources.sh\"\n";
			showEnvVarsInLog = 0;
		};
/* End PBXShellScriptBuildPhase section */

/* Begin PBXSourcesBuildPhase section */
		0522AF941E659737008C9B2F /* Sources */ = {
			isa = PBXSourcesBuildPhase;
			buildActionMask = 2147483647;
			files = (
				0522AF9E1E659737008C9B2F /* ViewController.swift in Sources */,
				0522AFB41E65C31A008C9B2F /* CacheTileOverlay.swift in Sources */,
				0522AFB21E65C2C1008C9B2F /* CustomMKMapView.swift in Sources */,
				0522AF9C1E659737008C9B2F /* AppDelegate.swift in Sources */,
			);
			runOnlyForDeploymentPostprocessing = 0;
		};
/* End PBXSourcesBuildPhase section */

/* Begin PBXVariantGroup section */
		0522AF9F1E659737008C9B2F /* Main.storyboard */ = {
			isa = PBXVariantGroup;
			children = (
				0522AFA01E659737008C9B2F /* Base */,
			);
			name = Main.storyboard;
			sourceTree = "<group>";
		};
		0522AFA41E659737008C9B2F /* LaunchScreen.storyboard */ = {
			isa = PBXVariantGroup;
			children = (
				0522AFA51E659737008C9B2F /* Base */,
			);
			name = LaunchScreen.storyboard;
			sourceTree = "<group>";
		};
/* End PBXVariantGroup section */

/* Begin XCBuildConfiguration section */
		0522AFA81E659737008C9B2F /* Debug */ = {
			isa = XCBuildConfiguration;
			buildSettings = {
				ALWAYS_SEARCH_USER_PATHS = NO;
				CLANG_ANALYZER_NONNULL = YES;
				CLANG_CXX_LANGUAGE_STANDARD = "gnu++0x";
				CLANG_CXX_LIBRARY = "libc++";
				CLANG_ENABLE_MODULES = YES;
				CLANG_ENABLE_OBJC_ARC = YES;
				CLANG_WARN_BOOL_CONVERSION = YES;
				CLANG_WARN_CONSTANT_CONVERSION = YES;
				CLANG_WARN_DIRECT_OBJC_ISA_USAGE = YES_ERROR;
				CLANG_WARN_DOCUMENTATION_COMMENTS = YES;
				CLANG_WARN_EMPTY_BODY = YES;
				CLANG_WARN_ENUM_CONVERSION = YES;
				CLANG_WARN_INFINITE_RECURSION = YES;
				CLANG_WARN_INT_CONVERSION = YES;
				CLANG_WARN_OBJC_ROOT_CLASS = YES_ERROR;
				CLANG_WARN_SUSPICIOUS_MOVE = YES;
				CLANG_WARN_UNREACHABLE_CODE = YES;
				CLANG_WARN__DUPLICATE_METHOD_MATCH = YES;
				"CODE_SIGN_IDENTITY[sdk=iphoneos*]" = "iPhone Developer";
				COPY_PHASE_STRIP = NO;
				DEBUG_INFORMATION_FORMAT = dwarf;
				ENABLE_STRICT_OBJC_MSGSEND = YES;
				ENABLE_TESTABILITY = YES;
				GCC_C_LANGUAGE_STANDARD = gnu99;
				GCC_DYNAMIC_NO_PIC = NO;
				GCC_NO_COMMON_BLOCKS = YES;
				GCC_OPTIMIZATION_LEVEL = 0;
				GCC_PREPROCESSOR_DEFINITIONS = (
					"DEBUG=1",
					"$(inherited)",
				);
				GCC_WARN_64_TO_32_BIT_CONVERSION = YES;
				GCC_WARN_ABOUT_RETURN_TYPE = YES_ERROR;
				GCC_WARN_UNDECLARED_SELECTOR = YES;
				GCC_WARN_UNINITIALIZED_AUTOS = YES_AGGRESSIVE;
				GCC_WARN_UNUSED_FUNCTION = YES;
				GCC_WARN_UNUSED_VARIABLE = YES;
				IPHONEOS_DEPLOYMENT_TARGET = 10.2;
				MTL_ENABLE_DEBUG_INFO = YES;
				ONLY_ACTIVE_ARCH = YES;
				SDKROOT = iphoneos;
				SWIFT_ACTIVE_COMPILATION_CONDITIONS = DEBUG;
				SWIFT_OPTIMIZATION_LEVEL = "-Onone";
			};
			name = Debug;
		};
		0522AFA91E659737008C9B2F /* Release */ = {
			isa = XCBuildConfiguration;
			buildSettings = {
				ALWAYS_SEARCH_USER_PATHS = NO;
				CLANG_ANALYZER_NONNULL = YES;
				CLANG_CXX_LANGUAGE_STANDARD = "gnu++0x";
				CLANG_CXX_LIBRARY = "libc++";
				CLANG_ENABLE_MODULES = YES;
				CLANG_ENABLE_OBJC_ARC = YES;
				CLANG_WARN_BOOL_CONVERSION = YES;
				CLANG_WARN_CONSTANT_CONVERSION = YES;
				CLANG_WARN_DIRECT_OBJC_ISA_USAGE = YES_ERROR;
				CLANG_WARN_DOCUMENTATION_COMMENTS = YES;
				CLANG_WARN_EMPTY_BODY = YES;
				CLANG_WARN_ENUM_CONVERSION = YES;
				CLANG_WARN_INFINITE_RECURSION = YES;
				CLANG_WARN_INT_CONVERSION = YES;
				CLANG_WARN_OBJC_ROOT_CLASS = YES_ERROR;
				CLANG_WARN_SUSPICIOUS_MOVE = YES;
				CLANG_WARN_UNREACHABLE_CODE = YES;
				CLANG_WARN__DUPLICATE_METHOD_MATCH = YES;
				"CODE_SIGN_IDENTITY[sdk=iphoneos*]" = "iPhone Developer";
				COPY_PHASE_STRIP = NO;
				DEBUG_INFORMATION_FORMAT = "dwarf-with-dsym";
				ENABLE_NS_ASSERTIONS = NO;
				ENABLE_STRICT_OBJC_MSGSEND = YES;
				GCC_C_LANGUAGE_STANDARD = gnu99;
				GCC_NO_COMMON_BLOCKS = YES;
				GCC_WARN_64_TO_32_BIT_CONVERSION = YES;
				GCC_WARN_ABOUT_RETURN_TYPE = YES_ERROR;
				GCC_WARN_UNDECLARED_SELECTOR = YES;
				GCC_WARN_UNINITIALIZED_AUTOS = YES_AGGRESSIVE;
				GCC_WARN_UNUSED_FUNCTION = YES;
				GCC_WARN_UNUSED_VARIABLE = YES;
				IPHONEOS_DEPLOYMENT_TARGET = 10.2;
				MTL_ENABLE_DEBUG_INFO = NO;
				SDKROOT = iphoneos;
				SWIFT_OPTIMIZATION_LEVEL = "-Owholemodule";
				VALIDATE_PRODUCT = YES;
			};
			name = Release;
		};
		0522AFAB1E659737008C9B2F /* Debug */ = {
			isa = XCBuildConfiguration;
			baseConfigurationReference = AB397BCB6E485C23FD7BFF8E /* Pods-FirebaseTest.debug.xcconfig */;
			buildSettings = {
				ASSETCATALOG_COMPILER_APPICON_NAME = AppIcon;
				"CODE_SIGN_IDENTITY[sdk=iphoneos*]" = "iPhone Developer";
				DEVELOPMENT_TEAM = KPNNPWB392;
				INFOPLIST_FILE = FirebaseTest/Info.plist;
				LD_RUNPATH_SEARCH_PATHS = "$(inherited) @executable_path/Frameworks";
				PRODUCT_BUNDLE_IDENTIFIER = dmartinez.FirebaseTest;
				PRODUCT_NAME = "$(TARGET_NAME)";
				SWIFT_VERSION = 3.0;
			};
			name = Debug;
		};
		0522AFAC1E659737008C9B2F /* Release */ = {
			isa = XCBuildConfiguration;
			baseConfigurationReference = 13FDFC346DFF9F38703BE116 /* Pods-FirebaseTest.release.xcconfig */;
			buildSettings = {
				ASSETCATALOG_COMPILER_APPICON_NAME = AppIcon;
				"CODE_SIGN_IDENTITY[sdk=iphoneos*]" = "iPhone Developer";
				DEVELOPMENT_TEAM = KPNNPWB392;
				INFOPLIST_FILE = FirebaseTest/Info.plist;
				LD_RUNPATH_SEARCH_PATHS = "$(inherited) @executable_path/Frameworks";
				PRODUCT_BUNDLE_IDENTIFIER = dmartinez.FirebaseTest;
				PRODUCT_NAME = "$(TARGET_NAME)";
				SWIFT_VERSION = 3.0;
			};
			name = Release;
		};
/* End XCBuildConfiguration section */

/* Begin XCConfigurationList section */
		0522AF931E659737008C9B2F /* Build configuration list for PBXProject "FirebaseTest" */ = {
			isa = XCConfigurationList;
			buildConfigurations = (
				0522AFA81E659737008C9B2F /* Debug */,
				0522AFA91E659737008C9B2F /* Release */,
			);
			defaultConfigurationIsVisible = 0;
			defaultConfigurationName = Release;
		};
		0522AFAA1E659737008C9B2F /* Build configuration list for PBXNativeTarget "FirebaseTest" */ = {
			isa = XCConfigurationList;
			buildConfigurations = (
				0522AFAB1E659737008C9B2F /* Debug */,
				0522AFAC1E659737008C9B2F /* Release */,
			);
			defaultConfigurationIsVisible = 0;
			defaultConfigurationName = Release;
		};
/* End XCConfigurationList section */
	};
	rootObject = 0522AF901E659737008C9B2F /* Project object */;
}
